// !$*UTF8*$!
{
	archiveVersion = 1;
	classes = {
	};
	objectVersion = 55;
	objects = {

/* Begin PBXBuildFile section */
		F20E69C928ABFEBE00C51942 /* OnboardingCoordinating.swift in Sources */ = {isa = PBXBuildFile; fileRef = F20E69C828ABFEBE00C51942 /* OnboardingCoordinating.swift */; };
		F20E69CC28AC19E100C51942 /* AppDelegate.swift in Sources */ = {isa = PBXBuildFile; fileRef = F20E69CA28AC19E100C51942 /* AppDelegate.swift */; };
		F20E69CD28AC19E100C51942 /* SceneDelegate.swift in Sources */ = {isa = PBXBuildFile; fileRef = F20E69CB28AC19E100C51942 /* SceneDelegate.swift */; };
		F20ECD9528B4EEE4005B19A9 /* LikeModel.swift in Sources */ = {isa = PBXBuildFile; fileRef = F20ECD9428B4EEE4005B19A9 /* LikeModel.swift */; };
		F213B2EB29C19D60009191DA /* ResponseFriendModel.swift in Sources */ = {isa = PBXBuildFile; fileRef = F213B2EA29C19D60009191DA /* ResponseFriendModel.swift */; };
		F21B8ABE29C315D40078E31A /* FriendModel+CoreDataClass.swift in Sources */ = {isa = PBXBuildFile; fileRef = F21B8ABC29C315D40078E31A /* FriendModel+CoreDataClass.swift */; };
		F21B8ABF29C315D40078E31A /* FriendModel+CoreDataProperties.swift in Sources */ = {isa = PBXBuildFile; fileRef = F21B8ABD29C315D40078E31A /* FriendModel+CoreDataProperties.swift */; };
		F21B8E302882D54A004E7868 /* FriendsListScreen.swift in Sources */ = {isa = PBXBuildFile; fileRef = F21B8E2F2882D54A004E7868 /* FriendsListScreen.swift */; };
		F231663D29C44D190004DB95 /* ImageLoader.swift in Sources */ = {isa = PBXBuildFile; fileRef = F231663C29C44D190004DB95 /* ImageLoader.swift */; };
		F231664129C493550004DB95 /* ActivityIndicator.swift in Sources */ = {isa = PBXBuildFile; fileRef = F231664029C493550004DB95 /* ActivityIndicator.swift */; };
		F231DAE828A118340065B734 /* OnboardingScreen.swift in Sources */ = {isa = PBXBuildFile; fileRef = F231DAE728A118340065B734 /* OnboardingScreen.swift */; };
		F231DAEA28A118480065B734 /* OnboardingViewModel.swift in Sources */ = {isa = PBXBuildFile; fileRef = F231DAE928A118480065B734 /* OnboardingViewModel.swift */; };
		F231DAF028A131720065B734 /* FriendPhotosCollectionScreen.swift in Sources */ = {isa = PBXBuildFile; fileRef = F231DAEF28A131720065B734 /* FriendPhotosCollectionScreen.swift */; };
		F2365A2E28B3D912000AFB34 /* PhotoModel.swift in Sources */ = {isa = PBXBuildFile; fileRef = F2365A2D28B3D912000AFB34 /* PhotoModel.swift */; };
		F2365A3028B3DA13000AFB34 /* FriendPhotosViewModel.swift in Sources */ = {isa = PBXBuildFile; fileRef = F2365A2F28B3DA13000AFB34 /* FriendPhotosViewModel.swift */; };
		F2365A3228B3DE35000AFB34 /* FriendPhotoViewModel.swift in Sources */ = {isa = PBXBuildFile; fileRef = F2365A3128B3DE35000AFB34 /* FriendPhotoViewModel.swift */; };
		F2365A3428B3E11C000AFB34 /* Number.swift in Sources */ = {isa = PBXBuildFile; fileRef = F2365A3328B3E11C000AFB34 /* Number.swift */; };
		F242574B28AE4380002E3174 /* Coordinator.swift in Sources */ = {isa = PBXBuildFile; fileRef = F242574A28AE4380002E3174 /* Coordinator.swift */; };
		F242574D28AE43E2002E3174 /* ApplicationCoordinator.swift in Sources */ = {isa = PBXBuildFile; fileRef = F242574C28AE43E2002E3174 /* ApplicationCoordinator.swift */; };
		F254CA1128AD45F1002256E5 /* LoginCoordinating.swift in Sources */ = {isa = PBXBuildFile; fileRef = F254CA1028AD45F1002256E5 /* LoginCoordinating.swift */; };
		F254CA1328AD5A12002256E5 /* MainCoordinating.swift in Sources */ = {isa = PBXBuildFile; fileRef = F254CA1228AD5A12002256E5 /* MainCoordinating.swift */; };
		F25AC1AB287DBCE900800585 /* LoginScreen.swift in Sources */ = {isa = PBXBuildFile; fileRef = F25AC1AA287DBCE900800585 /* LoginScreen.swift */; };
		F2660D6A289FDDCC00EEEFAF /* LoginWebView.swift in Sources */ = {isa = PBXBuildFile; fileRef = F2660D69289FDDCC00EEEFAF /* LoginWebView.swift */; };
		F2660D6F289FF39C00EEEFAF /* KeychainLayer.swift in Sources */ = {isa = PBXBuildFile; fileRef = F2660D6E289FF39C00EEEFAF /* KeychainLayer.swift */; };
		F2660D72289FF3DE00EEEFAF /* KeychainSwift in Frameworks */ = {isa = PBXBuildFile; productRef = F2660D71289FF3DE00EEEFAF /* KeychainSwift */; };
		F2660D74289FF90100EEEFAF /* LoginViewModel.swift in Sources */ = {isa = PBXBuildFile; fileRef = F2660D73289FF90100EEEFAF /* LoginViewModel.swift */; };
		F272CA7B28858A39007ACA36 /* FriendsListCell.swift in Sources */ = {isa = PBXBuildFile; fileRef = F272CA7A28858A39007ACA36 /* FriendsListCell.swift */; };
		F272CA7F2885906A007ACA36 /* ImageModifier.swift in Sources */ = {isa = PBXBuildFile; fileRef = F272CA7E2885906A007ACA36 /* ImageModifier.swift */; };
		F27D752229C05FF80021EDA1 /* StubView.swift in Sources */ = {isa = PBXBuildFile; fileRef = F27D752129C05FF80021EDA1 /* StubView.swift */; };
		F27D752429C06EC70021EDA1 /* LoadingView.swift in Sources */ = {isa = PBXBuildFile; fileRef = F27D752329C06EC70021EDA1 /* LoadingView.swift */; };
		F281E8AB28AA7F47007A3697 /* ViewModifier.swift in Sources */ = {isa = PBXBuildFile; fileRef = F281E8AA28AA7F47007A3697 /* ViewModifier.swift */; };
		F281E8AF28AA97F4007A3697 /* FriendPhotosCell.swift in Sources */ = {isa = PBXBuildFile; fileRef = F281E8AE28AA97F4007A3697 /* FriendPhotosCell.swift */; };
		F283FA5C287C8C830049AB17 /* Assets.xcassets in Resources */ = {isa = PBXBuildFile; fileRef = F283FA5B287C8C830049AB17 /* Assets.xcassets */; };
		F283FA5F287C8C830049AB17 /* Preview Assets.xcassets in Resources */ = {isa = PBXBuildFile; fileRef = F283FA5E287C8C830049AB17 /* Preview Assets.xcassets */; };
		F29C81E528AFADF100AC4540 /* FriendsCoordinating.swift in Sources */ = {isa = PBXBuildFile; fileRef = F29C81E428AFADF100AC4540 /* FriendsCoordinating.swift */; };
		F29C81E728AFC92900AC4540 /* FriendPhotosCoordinating.swift in Sources */ = {isa = PBXBuildFile; fileRef = F29C81E628AFC92900AC4540 /* FriendPhotosCoordinating.swift */; };
		F29C81E928B0004300AC4540 /* Coordinating.swift in Sources */ = {isa = PBXBuildFile; fileRef = F29C81E828B0004300AC4540 /* Coordinating.swift */; };
		F29C81EC28B0014500AC4540 /* CodingUserInfoKey.swift in Sources */ = {isa = PBXBuildFile; fileRef = F29C81EB28B0014500AC4540 /* CodingUserInfoKey.swift */; };
		F2AC327629C9E893009128B2 /* LaunchScreen.storyboard in Resources */ = {isa = PBXBuildFile; fileRef = F2AC327529C9E893009128B2 /* LaunchScreen.storyboard */; };
		F2E85E2228A3C2F400798835 /* ApiEndpoint.swift in Sources */ = {isa = PBXBuildFile; fileRef = F2E85E1B28A3C2F400798835 /* ApiEndpoint.swift */; };
		F2E85E2328A3C2F400798835 /* RequestBase.swift in Sources */ = {isa = PBXBuildFile; fileRef = F2E85E1D28A3C2F400798835 /* RequestBase.swift */; };
		F2E85E2428A3C2F400798835 /* EndpointBase.swift in Sources */ = {isa = PBXBuildFile; fileRef = F2E85E1E28A3C2F400798835 /* EndpointBase.swift */; };
		F2E85E2528A3C2F400798835 /* RequestMethod.swift in Sources */ = {isa = PBXBuildFile; fileRef = F2E85E1F28A3C2F400798835 /* RequestMethod.swift */; };
		F2E85E2628A3C2F400798835 /* RequestError.swift in Sources */ = {isa = PBXBuildFile; fileRef = F2E85E2028A3C2F400798835 /* RequestError.swift */; };
		F2E85E2A28A3D03200798835 /* database.xcdatamodeld in Sources */ = {isa = PBXBuildFile; fileRef = F2E85E2828A3D03200798835 /* database.xcdatamodeld */; };
		F2E85E5328A3D35100798835 /* Persistence.swift in Sources */ = {isa = PBXBuildFile; fileRef = F2E85E5028A3D35100798835 /* Persistence.swift */; };
		F2E85E6428A3E3CD00798835 /* NetworkApiProtocol.swift in Sources */ = {isa = PBXBuildFile; fileRef = F2E85E6328A3E3CD00798835 /* NetworkApiProtocol.swift */; };
		F2E85E6628A3E3E900798835 /* Responses.swift in Sources */ = {isa = PBXBuildFile; fileRef = F2E85E6528A3E3E900798835 /* Responses.swift */; };
		F2E85E6828A3E4D800798835 /* FriendsViewModel.swift in Sources */ = {isa = PBXBuildFile; fileRef = F2E85E6728A3E4D800798835 /* FriendsViewModel.swift */; };
		F2E85E6B28A3F6BE00798835 /* FriendViewModel.swift in Sources */ = {isa = PBXBuildFile; fileRef = F2E85E6A28A3F6BE00798835 /* FriendViewModel.swift */; };
		F2EBB79928801D420004352D /* Color.swift in Sources */ = {isa = PBXBuildFile; fileRef = F2EBB79828801D420004352D /* Color.swift */; };
		F2F3E0E429C5F20200959F63 /* LikeRequest.swift in Sources */ = {isa = PBXBuildFile; fileRef = F2F3E0E329C5F20200959F63 /* LikeRequest.swift */; };
/* End PBXBuildFile section */

/* Begin PBXFileReference section */
		F200CC9929B85A5800F3D4DB /* Info.plist */ = {isa = PBXFileReference; lastKnownFileType = text.plist.xml; path = Info.plist; sourceTree = "<group>"; };
		F20E69C828ABFEBE00C51942 /* OnboardingCoordinating.swift */ = {isa = PBXFileReference; lastKnownFileType = sourcecode.swift; path = OnboardingCoordinating.swift; sourceTree = "<group>"; };
		F20E69CA28AC19E100C51942 /* AppDelegate.swift */ = {isa = PBXFileReference; fileEncoding = 4; lastKnownFileType = sourcecode.swift; path = AppDelegate.swift; sourceTree = "<group>"; };
		F20E69CB28AC19E100C51942 /* SceneDelegate.swift */ = {isa = PBXFileReference; fileEncoding = 4; lastKnownFileType = sourcecode.swift; path = SceneDelegate.swift; sourceTree = "<group>"; };
		F20ECD9428B4EEE4005B19A9 /* LikeModel.swift */ = {isa = PBXFileReference; lastKnownFileType = sourcecode.swift; path = LikeModel.swift; sourceTree = "<group>"; };
		F213B2EA29C19D60009191DA /* ResponseFriendModel.swift */ = {isa = PBXFileReference; lastKnownFileType = sourcecode.swift; path = ResponseFriendModel.swift; sourceTree = "<group>"; };
		F21B8ABC29C315D40078E31A /* FriendModel+CoreDataClass.swift */ = {isa = PBXFileReference; lastKnownFileType = sourcecode.swift; path = "FriendModel+CoreDataClass.swift"; sourceTree = "<group>"; };
		F21B8ABD29C315D40078E31A /* FriendModel+CoreDataProperties.swift */ = {isa = PBXFileReference; lastKnownFileType = sourcecode.swift; path = "FriendModel+CoreDataProperties.swift"; sourceTree = "<group>"; };
		F21B8E2F2882D54A004E7868 /* FriendsListScreen.swift */ = {isa = PBXFileReference; lastKnownFileType = sourcecode.swift; path = FriendsListScreen.swift; sourceTree = "<group>"; };
		F231663C29C44D190004DB95 /* ImageLoader.swift */ = {isa = PBXFileReference; lastKnownFileType = sourcecode.swift; path = ImageLoader.swift; sourceTree = "<group>"; };
		F231664029C493550004DB95 /* ActivityIndicator.swift */ = {isa = PBXFileReference; lastKnownFileType = sourcecode.swift; path = ActivityIndicator.swift; sourceTree = "<group>"; };
		F231DAE728A118340065B734 /* OnboardingScreen.swift */ = {isa = PBXFileReference; lastKnownFileType = sourcecode.swift; path = OnboardingScreen.swift; sourceTree = "<group>"; };
		F231DAE928A118480065B734 /* OnboardingViewModel.swift */ = {isa = PBXFileReference; lastKnownFileType = sourcecode.swift; path = OnboardingViewModel.swift; sourceTree = "<group>"; };
		F231DAEF28A131720065B734 /* FriendPhotosCollectionScreen.swift */ = {isa = PBXFileReference; lastKnownFileType = sourcecode.swift; path = FriendPhotosCollectionScreen.swift; sourceTree = "<group>"; };
		F2365A2D28B3D912000AFB34 /* PhotoModel.swift */ = {isa = PBXFileReference; lastKnownFileType = sourcecode.swift; path = PhotoModel.swift; sourceTree = "<group>"; };
		F2365A2F28B3DA13000AFB34 /* FriendPhotosViewModel.swift */ = {isa = PBXFileReference; lastKnownFileType = sourcecode.swift; path = FriendPhotosViewModel.swift; sourceTree = "<group>"; };
		F2365A3128B3DE35000AFB34 /* FriendPhotoViewModel.swift */ = {isa = PBXFileReference; lastKnownFileType = sourcecode.swift; path = FriendPhotoViewModel.swift; sourceTree = "<group>"; };
		F2365A3328B3E11C000AFB34 /* Number.swift */ = {isa = PBXFileReference; lastKnownFileType = sourcecode.swift; path = Number.swift; sourceTree = "<group>"; };
		F242574A28AE4380002E3174 /* Coordinator.swift */ = {isa = PBXFileReference; lastKnownFileType = sourcecode.swift; path = Coordinator.swift; sourceTree = "<group>"; };
		F242574C28AE43E2002E3174 /* ApplicationCoordinator.swift */ = {isa = PBXFileReference; lastKnownFileType = sourcecode.swift; path = ApplicationCoordinator.swift; sourceTree = "<group>"; };
		F254CA1028AD45F1002256E5 /* LoginCoordinating.swift */ = {isa = PBXFileReference; lastKnownFileType = sourcecode.swift; path = LoginCoordinating.swift; sourceTree = "<group>"; };
		F254CA1228AD5A12002256E5 /* MainCoordinating.swift */ = {isa = PBXFileReference; lastKnownFileType = sourcecode.swift; path = MainCoordinating.swift; sourceTree = "<group>"; };
		F25AC1AA287DBCE900800585 /* LoginScreen.swift */ = {isa = PBXFileReference; lastKnownFileType = sourcecode.swift; path = LoginScreen.swift; sourceTree = "<group>"; };
		F2660D69289FDDCC00EEEFAF /* LoginWebView.swift */ = {isa = PBXFileReference; lastKnownFileType = sourcecode.swift; path = LoginWebView.swift; sourceTree = "<group>"; };
		F2660D6E289FF39C00EEEFAF /* KeychainLayer.swift */ = {isa = PBXFileReference; fileEncoding = 4; lastKnownFileType = sourcecode.swift; path = KeychainLayer.swift; sourceTree = "<group>"; };
		F2660D73289FF90100EEEFAF /* LoginViewModel.swift */ = {isa = PBXFileReference; lastKnownFileType = sourcecode.swift; path = LoginViewModel.swift; sourceTree = "<group>"; };
		F272CA7A28858A39007ACA36 /* FriendsListCell.swift */ = {isa = PBXFileReference; lastKnownFileType = sourcecode.swift; path = FriendsListCell.swift; sourceTree = "<group>"; };
		F272CA7E2885906A007ACA36 /* ImageModifier.swift */ = {isa = PBXFileReference; lastKnownFileType = sourcecode.swift; path = ImageModifier.swift; sourceTree = "<group>"; };
		F27D752129C05FF80021EDA1 /* StubView.swift */ = {isa = PBXFileReference; lastKnownFileType = sourcecode.swift; path = StubView.swift; sourceTree = "<group>"; };
		F27D752329C06EC70021EDA1 /* LoadingView.swift */ = {isa = PBXFileReference; lastKnownFileType = sourcecode.swift; path = LoadingView.swift; sourceTree = "<group>"; };
		F281E8AA28AA7F47007A3697 /* ViewModifier.swift */ = {isa = PBXFileReference; lastKnownFileType = sourcecode.swift; path = ViewModifier.swift; sourceTree = "<group>"; };
		F281E8AE28AA97F4007A3697 /* FriendPhotosCell.swift */ = {isa = PBXFileReference; lastKnownFileType = sourcecode.swift; path = FriendPhotosCell.swift; sourceTree = "<group>"; };
		F283FA54287C8C820049AB17 /* vkSwiftUI.app */ = {isa = PBXFileReference; explicitFileType = wrapper.application; includeInIndex = 0; path = vkSwiftUI.app; sourceTree = BUILT_PRODUCTS_DIR; };
		F283FA5B287C8C830049AB17 /* Assets.xcassets */ = {isa = PBXFileReference; lastKnownFileType = folder.assetcatalog; path = Assets.xcassets; sourceTree = "<group>"; };
		F283FA5E287C8C830049AB17 /* Preview Assets.xcassets */ = {isa = PBXFileReference; lastKnownFileType = folder.assetcatalog; path = "Preview Assets.xcassets"; sourceTree = "<group>"; };
		F29C81E428AFADF100AC4540 /* FriendsCoordinating.swift */ = {isa = PBXFileReference; lastKnownFileType = sourcecode.swift; path = FriendsCoordinating.swift; sourceTree = "<group>"; };
		F29C81E628AFC92900AC4540 /* FriendPhotosCoordinating.swift */ = {isa = PBXFileReference; lastKnownFileType = sourcecode.swift; path = FriendPhotosCoordinating.swift; sourceTree = "<group>"; };
		F29C81E828B0004300AC4540 /* Coordinating.swift */ = {isa = PBXFileReference; lastKnownFileType = sourcecode.swift; path = Coordinating.swift; sourceTree = "<group>"; };
		F29C81EB28B0014500AC4540 /* CodingUserInfoKey.swift */ = {isa = PBXFileReference; fileEncoding = 4; lastKnownFileType = sourcecode.swift; path = CodingUserInfoKey.swift; sourceTree = "<group>"; };
		F2AC327529C9E893009128B2 /* LaunchScreen.storyboard */ = {isa = PBXFileReference; lastKnownFileType = file.storyboard; path = LaunchScreen.storyboard; sourceTree = "<group>"; };
		F2E85E1B28A3C2F400798835 /* ApiEndpoint.swift */ = {isa = PBXFileReference; fileEncoding = 4; lastKnownFileType = sourcecode.swift; path = ApiEndpoint.swift; sourceTree = "<group>"; };
		F2E85E1D28A3C2F400798835 /* RequestBase.swift */ = {isa = PBXFileReference; fileEncoding = 4; lastKnownFileType = sourcecode.swift; path = RequestBase.swift; sourceTree = "<group>"; };
		F2E85E1E28A3C2F400798835 /* EndpointBase.swift */ = {isa = PBXFileReference; fileEncoding = 4; lastKnownFileType = sourcecode.swift; path = EndpointBase.swift; sourceTree = "<group>"; };
		F2E85E1F28A3C2F400798835 /* RequestMethod.swift */ = {isa = PBXFileReference; fileEncoding = 4; lastKnownFileType = sourcecode.swift; path = RequestMethod.swift; sourceTree = "<group>"; };
		F2E85E2028A3C2F400798835 /* RequestError.swift */ = {isa = PBXFileReference; fileEncoding = 4; lastKnownFileType = sourcecode.swift; path = RequestError.swift; sourceTree = "<group>"; };
		F2E85E2928A3D03200798835 /* database.xcdatamodel */ = {isa = PBXFileReference; lastKnownFileType = wrapper.xcdatamodel; path = database.xcdatamodel; sourceTree = "<group>"; };
		F2E85E5028A3D35100798835 /* Persistence.swift */ = {isa = PBXFileReference; fileEncoding = 4; lastKnownFileType = sourcecode.swift; path = Persistence.swift; sourceTree = "<group>"; };
		F2E85E6328A3E3CD00798835 /* NetworkApiProtocol.swift */ = {isa = PBXFileReference; fileEncoding = 4; lastKnownFileType = sourcecode.swift; path = NetworkApiProtocol.swift; sourceTree = "<group>"; };
		F2E85E6528A3E3E900798835 /* Responses.swift */ = {isa = PBXFileReference; fileEncoding = 4; lastKnownFileType = sourcecode.swift; path = Responses.swift; sourceTree = "<group>"; };
		F2E85E6728A3E4D800798835 /* FriendsViewModel.swift */ = {isa = PBXFileReference; lastKnownFileType = sourcecode.swift; path = FriendsViewModel.swift; sourceTree = "<group>"; };
		F2E85E6A28A3F6BE00798835 /* FriendViewModel.swift */ = {isa = PBXFileReference; lastKnownFileType = sourcecode.swift; path = FriendViewModel.swift; sourceTree = "<group>"; };
		F2EBB79828801D420004352D /* Color.swift */ = {isa = PBXFileReference; lastKnownFileType = sourcecode.swift; path = Color.swift; sourceTree = "<group>"; };
		F2F3E0E329C5F20200959F63 /* LikeRequest.swift */ = {isa = PBXFileReference; lastKnownFileType = sourcecode.swift; path = LikeRequest.swift; sourceTree = "<group>"; };
/* End PBXFileReference section */

/* Begin PBXFrameworksBuildPhase section */
		F283FA51287C8C820049AB17 /* Frameworks */ = {
			isa = PBXFrameworksBuildPhase;
			buildActionMask = 2147483647;
			files = (
				F2660D72289FF3DE00EEEFAF /* KeychainSwift in Frameworks */,
			);
			runOnlyForDeploymentPostprocessing = 0;
		};
/* End PBXFrameworksBuildPhase section */

/* Begin PBXGroup section */
		F213B2E929C19D42009191DA /* Responses */ = {
			isa = PBXGroup;
			children = (
				F2E85E6528A3E3E900798835 /* Responses.swift */,
				F213B2EA29C19D60009191DA /* ResponseFriendModel.swift */,
			);
			path = Responses;
			sourceTree = "<group>";
		};
		F21B8E2D2882D47A004E7868 /* Friend List */ = {
			isa = PBXGroup;
			children = (
				F238678528B79C6E00ECEE82 /* Coordinating */,
				F238678628B79C7500ECEE82 /* View Model */,
				F238678728B79C8D00ECEE82 /* Cell */,
				F21B8E2F2882D54A004E7868 /* FriendsListScreen.swift */,
			);
			path = "Friend List";
			sourceTree = "<group>";
		};
		F21B8E2E2882D486004E7868 /* Login */ = {
			isa = PBXGroup;
			children = (
				F238678228B79C2B00ECEE82 /* Coordinating */,
				F238678328B79C3600ECEE82 /* View Model */,
				F2660D69289FDDCC00EEEFAF /* LoginWebView.swift */,
				F25AC1AA287DBCE900800585 /* LoginScreen.swift */,
			);
			path = Login;
			sourceTree = "<group>";
		};
		F231DAEB28A12BD10065B734 /* Onboarding */ = {
			isa = PBXGroup;
			children = (
				F238677F28B79C0600ECEE82 /* Coordinating */,
				F238678028B79C1500ECEE82 /* View Model */,
				F231DAE728A118340065B734 /* OnboardingScreen.swift */,
			);
			path = Onboarding;
			sourceTree = "<group>";
		};
		F231DAEC28A131420065B734 /* Friend Photos */ = {
			isa = PBXGroup;
			children = (
				F238677B28B7901800ECEE82 /* Coordinator */,
				F238677C28B7902600ECEE82 /* VIew model */,
				F238677A28B7901000ECEE82 /* Cell */,
				F231DAEF28A131720065B734 /* FriendPhotosCollectionScreen.swift */,
			);
			path = "Friend Photos";
			sourceTree = "<group>";
		};
		F238677A28B7901000ECEE82 /* Cell */ = {
			isa = PBXGroup;
			children = (
				F281E8AE28AA97F4007A3697 /* FriendPhotosCell.swift */,
			);
			path = Cell;
			sourceTree = "<group>";
		};
		F238677B28B7901800ECEE82 /* Coordinator */ = {
			isa = PBXGroup;
			children = (
				F29C81E628AFC92900AC4540 /* FriendPhotosCoordinating.swift */,
			);
			path = Coordinator;
			sourceTree = "<group>";
		};
		F238677C28B7902600ECEE82 /* VIew model */ = {
			isa = PBXGroup;
			children = (
				F2365A2F28B3DA13000AFB34 /* FriendPhotosViewModel.swift */,
			);
			path = "VIew model";
			sourceTree = "<group>";
		};
		F238677F28B79C0600ECEE82 /* Coordinating */ = {
			isa = PBXGroup;
			children = (
				F20E69C828ABFEBE00C51942 /* OnboardingCoordinating.swift */,
			);
			path = Coordinating;
			sourceTree = "<group>";
		};
		F238678028B79C1500ECEE82 /* View Model */ = {
			isa = PBXGroup;
			children = (
				F231DAE928A118480065B734 /* OnboardingViewModel.swift */,
			);
			path = "View Model";
			sourceTree = "<group>";
		};
		F238678228B79C2B00ECEE82 /* Coordinating */ = {
			isa = PBXGroup;
			children = (
				F254CA1028AD45F1002256E5 /* LoginCoordinating.swift */,
			);
			path = Coordinating;
			sourceTree = "<group>";
		};
		F238678328B79C3600ECEE82 /* View Model */ = {
			isa = PBXGroup;
			children = (
				F2660D73289FF90100EEEFAF /* LoginViewModel.swift */,
			);
			path = "View Model";
			sourceTree = "<group>";
		};
		F238678428B79C4B00ECEE82 /* Coordinating */ = {
			isa = PBXGroup;
			children = (
				F254CA1228AD5A12002256E5 /* MainCoordinating.swift */,
			);
			path = Coordinating;
			sourceTree = "<group>";
		};
		F238678528B79C6E00ECEE82 /* Coordinating */ = {
			isa = PBXGroup;
			children = (
				F29C81E428AFADF100AC4540 /* FriendsCoordinating.swift */,
			);
			path = Coordinating;
			sourceTree = "<group>";
		};
		F238678628B79C7500ECEE82 /* View Model */ = {
			isa = PBXGroup;
			children = (
				F2E85E6728A3E4D800798835 /* FriendsViewModel.swift */,
			);
			path = "View Model";
			sourceTree = "<group>";
		};
		F238678728B79C8D00ECEE82 /* Cell */ = {
			isa = PBXGroup;
			children = (
				F272CA7A28858A39007ACA36 /* FriendsListCell.swift */,
			);
			path = Cell;
			sourceTree = "<group>";
		};
		F242574928AE4370002E3174 /* Protocols */ = {
			isa = PBXGroup;
			children = (
				F242574A28AE4380002E3174 /* Coordinator.swift */,
				F29C81E828B0004300AC4540 /* Coordinating.swift */,
			);
			path = Protocols;
			sourceTree = "<group>";
		};
		F25AC1A9287DBC8F00800585 /* Screens */ = {
			isa = PBXGroup;
			children = (
				F231DAEB28A12BD10065B734 /* Onboarding */,
				F21B8E2E2882D486004E7868 /* Login */,
				F2660D7528A023A800EEEFAF /* Main */,
				F21B8E2D2882D47A004E7868 /* Friend List */,
				F231DAEC28A131420065B734 /* Friend Photos */,
			);
			path = Screens;
			sourceTree = "<group>";
		};
		F2660D55289FDACE00EEEFAF /* Support */ = {
			isa = PBXGroup;
			children = (
				F29C81EA28B0005E00AC4540 /* Coordinator */,
				F2660D6D289FF39200EEEFAF /* Layers */,
			);
			path = Support;
			sourceTree = "<group>";
		};
		F2660D6D289FF39200EEEFAF /* Layers */ = {
			isa = PBXGroup;
			children = (
				F2E85E1928A3C2F400798835 /* Api */,
				F2E85E6328A3E3CD00798835 /* NetworkApiProtocol.swift */,
				F2660D6E289FF39C00EEEFAF /* KeychainLayer.swift */,
				F231663C29C44D190004DB95 /* ImageLoader.swift */,
			);
			path = Layers;
			sourceTree = "<group>";
		};
		F2660D7528A023A800EEEFAF /* Main */ = {
			isa = PBXGroup;
			children = (
				F238678428B79C4B00ECEE82 /* Coordinating */,
			);
			path = Main;
			sourceTree = "<group>";
		};
		F272CA7728858965007ACA36 /* UI */ = {
			isa = PBXGroup;
			children = (
				F27D752029C05FEA0021EDA1 /* View */,
				F272CA7D28859053007ACA36 /* Modifier */,
			);
			path = UI;
			sourceTree = "<group>";
		};
		F272CA7D28859053007ACA36 /* Modifier */ = {
			isa = PBXGroup;
			children = (
				F272CA7E2885906A007ACA36 /* ImageModifier.swift */,
				F281E8AA28AA7F47007A3697 /* ViewModifier.swift */,
			);
			path = Modifier;
			sourceTree = "<group>";
		};
		F27D752029C05FEA0021EDA1 /* View */ = {
			isa = PBXGroup;
			children = (
				F27D752129C05FF80021EDA1 /* StubView.swift */,
				F27D752329C06EC70021EDA1 /* LoadingView.swift */,
				F231664029C493550004DB95 /* ActivityIndicator.swift */,
			);
			path = View;
			sourceTree = "<group>";
		};
		F283FA4B287C8C820049AB17 = {
			isa = PBXGroup;
			children = (
				F283FA56287C8C820049AB17 /* vkSwiftUI */,
				F283FA55287C8C820049AB17 /* Products */,
			);
			sourceTree = "<group>";
		};
		F283FA55287C8C820049AB17 /* Products */ = {
			isa = PBXGroup;
			children = (
				F283FA54287C8C820049AB17 /* vkSwiftUI.app */,
			);
			name = Products;
			sourceTree = "<group>";
		};
		F283FA56287C8C820049AB17 /* vkSwiftUI */ = {
			isa = PBXGroup;
			children = (
				F200CC9929B85A5800F3D4DB /* Info.plist */,
				F2EBB79B28801E3C0004352D /* App Delegate */,
				F2EBB79A28801E210004352D /* Resource */,
				F25AC1A9287DBC8F00800585 /* Screens */,
				F272CA7728858965007ACA36 /* UI */,
				F2660D55289FDACE00EEEFAF /* Support */,
				F2E85E2B28A3D19E00798835 /* Models */,
				F2EBB79728801D330004352D /* Extensions */,
			);
			path = vkSwiftUI;
			sourceTree = "<group>";
		};
		F283FA5D287C8C830049AB17 /* Preview Content */ = {
			isa = PBXGroup;
			children = (
				F283FA5E287C8C830049AB17 /* Preview Assets.xcassets */,
			);
			path = "Preview Content";
			sourceTree = "<group>";
		};
		F29C81EA28B0005E00AC4540 /* Coordinator */ = {
			isa = PBXGroup;
			children = (
				F242574928AE4370002E3174 /* Protocols */,
				F242574C28AE43E2002E3174 /* ApplicationCoordinator.swift */,
			);
			path = Coordinator;
			sourceTree = "<group>";
		};
		F2E85E1928A3C2F400798835 /* Api */ = {
			isa = PBXGroup;
			children = (
				F2E85E1A28A3C2F400798835 /* Endpoints */,
				F2E85E1C28A3C2F400798835 /* Base */,
			);
			path = Api;
			sourceTree = "<group>";
		};
		F2E85E1A28A3C2F400798835 /* Endpoints */ = {
			isa = PBXGroup;
			children = (
				F2E85E1B28A3C2F400798835 /* ApiEndpoint.swift */,
			);
			path = Endpoints;
			sourceTree = "<group>";
		};
		F2E85E1C28A3C2F400798835 /* Base */ = {
			isa = PBXGroup;
			children = (
				F2E85E1D28A3C2F400798835 /* RequestBase.swift */,
				F2E85E1E28A3C2F400798835 /* EndpointBase.swift */,
				F2E85E1F28A3C2F400798835 /* RequestMethod.swift */,
				F2E85E2028A3C2F400798835 /* RequestError.swift */,
			);
			path = Base;
			sourceTree = "<group>";
		};
		F2E85E2B28A3D19E00798835 /* Models */ = {
			isa = PBXGroup;
			children = (
				F213B2E929C19D42009191DA /* Responses */,
				F2E85E6928A3F68C00798835 /* View Models */,
				F2E85E6228A3E3B600798835 /* Core data */,
				F20ECD9428B4EEE4005B19A9 /* LikeModel.swift */,
				F2365A2D28B3D912000AFB34 /* PhotoModel.swift */,
				F2F3E0E329C5F20200959F63 /* LikeRequest.swift */,
			);
			path = Models;
			sourceTree = "<group>";
		};
		F2E85E6228A3E3B600798835 /* Core data */ = {
			isa = PBXGroup;
			children = (
				F2E85E7028A4191400798835 /* Friend */,
			);
			path = "Core data";
			sourceTree = "<group>";
		};
		F2E85E6928A3F68C00798835 /* View Models */ = {
			isa = PBXGroup;
			children = (
				F2E85E6A28A3F6BE00798835 /* FriendViewModel.swift */,
				F2365A3128B3DE35000AFB34 /* FriendPhotoViewModel.swift */,
			);
			path = "View Models";
			sourceTree = "<group>";
		};
		F2E85E7028A4191400798835 /* Friend */ = {
			isa = PBXGroup;
			children = (
				F21B8ABC29C315D40078E31A /* FriendModel+CoreDataClass.swift */,
				F21B8ABD29C315D40078E31A /* FriendModel+CoreDataProperties.swift */,
			);
			path = Friend;
			sourceTree = "<group>";
		};
		F2EBB79728801D330004352D /* Extensions */ = {
			isa = PBXGroup;
			children = (
				F29C81EB28B0014500AC4540 /* CodingUserInfoKey.swift */,
				F2EBB79828801D420004352D /* Color.swift */,
				F2365A3328B3E11C000AFB34 /* Number.swift */,
			);
			path = Extensions;
			sourceTree = "<group>";
		};
		F2EBB79A28801E210004352D /* Resource */ = {
			isa = PBXGroup;
			children = (
				F2E85E5028A3D35100798835 /* Persistence.swift */,
				F283FA5D287C8C830049AB17 /* Preview Content */,
				F283FA5B287C8C830049AB17 /* Assets.xcassets */,
				F2E85E2828A3D03200798835 /* database.xcdatamodeld */,
				F2AC327529C9E893009128B2 /* LaunchScreen.storyboard */,
			);
			path = Resource;
			sourceTree = "<group>";
		};
		F2EBB79B28801E3C0004352D /* App Delegate */ = {
			isa = PBXGroup;
			children = (
				F20E69CA28AC19E100C51942 /* AppDelegate.swift */,
				F20E69CB28AC19E100C51942 /* SceneDelegate.swift */,
			);
			path = "App Delegate";
			sourceTree = "<group>";
		};
/* End PBXGroup section */

/* Begin PBXNativeTarget section */
		F283FA53287C8C820049AB17 /* vkSwiftUI */ = {
			isa = PBXNativeTarget;
			buildConfigurationList = F283FA62287C8C830049AB17 /* Build configuration list for PBXNativeTarget "vkSwiftUI" */;
			buildPhases = (
				F283FA50287C8C820049AB17 /* Sources */,
				F283FA51287C8C820049AB17 /* Frameworks */,
				F283FA52287C8C820049AB17 /* Resources */,
				F283FA66287C8E340049AB17 /* ShellScript */,
			);
			buildRules = (
			);
			dependencies = (
			);
			name = vkSwiftUI;
			packageProductDependencies = (
				F2660D71289FF3DE00EEEFAF /* KeychainSwift */,
			);
			productName = vkSwiftUI;
			productReference = F283FA54287C8C820049AB17 /* vkSwiftUI.app */;
			productType = "com.apple.product-type.application";
		};
/* End PBXNativeTarget section */

/* Begin PBXProject section */
		F283FA4C287C8C820049AB17 /* Project object */ = {
			isa = PBXProject;
			attributes = {
				BuildIndependentTargetsInParallel = 1;
				LastSwiftUpdateCheck = 1340;
				LastUpgradeCheck = 1340;
				TargetAttributes = {
					F283FA53287C8C820049AB17 = {
						CreatedOnToolsVersion = 13.4.1;
					};
				};
			};
			buildConfigurationList = F283FA4F287C8C820049AB17 /* Build configuration list for PBXProject "vkSwiftUI" */;
			compatibilityVersion = "Xcode 13.0";
			developmentRegion = en;
			hasScannedForEncodings = 0;
			knownRegions = (
				en,
				Base,
			);
			mainGroup = F283FA4B287C8C820049AB17;
			packageReferences = (
				F2660D70289FF3DE00EEEFAF /* XCRemoteSwiftPackageReference "keychain-swift" */,
			);
			productRefGroup = F283FA55287C8C820049AB17 /* Products */;
			projectDirPath = "";
			projectRoot = "";
			targets = (
				F283FA53287C8C820049AB17 /* vkSwiftUI */,
			);
		};
/* End PBXProject section */

/* Begin PBXResourcesBuildPhase section */
		F283FA52287C8C820049AB17 /* Resources */ = {
			isa = PBXResourcesBuildPhase;
			buildActionMask = 2147483647;
			files = (
				F2AC327629C9E893009128B2 /* LaunchScreen.storyboard in Resources */,
				F283FA5F287C8C830049AB17 /* Preview Assets.xcassets in Resources */,
				F283FA5C287C8C830049AB17 /* Assets.xcassets in Resources */,
			);
			runOnlyForDeploymentPostprocessing = 0;
		};
/* End PBXResourcesBuildPhase section */

/* Begin PBXShellScriptBuildPhase section */
		F283FA66287C8E340049AB17 /* ShellScript */ = {
			isa = PBXShellScriptBuildPhase;
			buildActionMask = 2147483647;
			files = (
			);
			inputFileListPaths = (
			);
			inputPaths = (
			);
			outputFileListPaths = (
			);
			outputPaths = (
			);
			runOnlyForDeploymentPostprocessing = 0;
			shellPath = /bin/sh;
			shellScript = "export PATH=\"$PATH:/opt/homebrew/bin\"\nif which swiftlint > /dev/null; then\n  swiftlint\nelse\n  echo \"warning: SwiftLint not installed, download from https://github.com/realm/SwiftLint\"\nfi\n";
		};
/* End PBXShellScriptBuildPhase section */

/* Begin PBXSourcesBuildPhase section */
		F283FA50287C8C820049AB17 /* Sources */ = {
			isa = PBXSourcesBuildPhase;
			buildActionMask = 2147483647;
			files = (
				F2365A3028B3DA13000AFB34 /* FriendPhotosViewModel.swift in Sources */,
				F2EBB79928801D420004352D /* Color.swift in Sources */,
				F21B8ABF29C315D40078E31A /* FriendModel+CoreDataProperties.swift in Sources */,
				F231DAEA28A118480065B734 /* OnboardingViewModel.swift in Sources */,
				F272CA7F2885906A007ACA36 /* ImageModifier.swift in Sources */,
				F213B2EB29C19D60009191DA /* ResponseFriendModel.swift in Sources */,
				F2E85E2228A3C2F400798835 /* ApiEndpoint.swift in Sources */,
				F242574B28AE4380002E3174 /* Coordinator.swift in Sources */,
				F2E85E6628A3E3E900798835 /* Responses.swift in Sources */,
				F2E85E2328A3C2F400798835 /* RequestBase.swift in Sources */,
				F2F3E0E429C5F20200959F63 /* LikeRequest.swift in Sources */,
				F29C81EC28B0014500AC4540 /* CodingUserInfoKey.swift in Sources */,
				F2E85E6828A3E4D800798835 /* FriendsViewModel.swift in Sources */,
				F20ECD9528B4EEE4005B19A9 /* LikeModel.swift in Sources */,
				F2E85E2528A3C2F400798835 /* RequestMethod.swift in Sources */,
				F29C81E528AFADF100AC4540 /* FriendsCoordinating.swift in Sources */,
				F2E85E2628A3C2F400798835 /* RequestError.swift in Sources */,
				F2365A3428B3E11C000AFB34 /* Number.swift in Sources */,
				F20E69C928ABFEBE00C51942 /* OnboardingCoordinating.swift in Sources */,
				F25AC1AB287DBCE900800585 /* LoginScreen.swift in Sources */,
				F254CA1128AD45F1002256E5 /* LoginCoordinating.swift in Sources */,
				F21B8ABE29C315D40078E31A /* FriendModel+CoreDataClass.swift in Sources */,
				F242574D28AE43E2002E3174 /* ApplicationCoordinator.swift in Sources */,
				F2365A3228B3DE35000AFB34 /* FriendPhotoViewModel.swift in Sources */,
				F21B8E302882D54A004E7868 /* FriendsListScreen.swift in Sources */,
				F254CA1328AD5A12002256E5 /* MainCoordinating.swift in Sources */,
				F29C81E728AFC92900AC4540 /* FriendPhotosCoordinating.swift in Sources */,
				F27D752429C06EC70021EDA1 /* LoadingView.swift in Sources */,
				F2E85E2428A3C2F400798835 /* EndpointBase.swift in Sources */,
				F2E85E6B28A3F6BE00798835 /* FriendViewModel.swift in Sources */,
				F2E85E5328A3D35100798835 /* Persistence.swift in Sources */,
				F2365A2E28B3D912000AFB34 /* PhotoModel.swift in Sources */,
				F272CA7B28858A39007ACA36 /* FriendsListCell.swift in Sources */,
				F29C81E928B0004300AC4540 /* Coordinating.swift in Sources */,
				F281E8AB28AA7F47007A3697 /* ViewModifier.swift in Sources */,
				F27D752229C05FF80021EDA1 /* StubView.swift in Sources */,
				F231664129C493550004DB95 /* ActivityIndicator.swift in Sources */,
				F231DAF028A131720065B734 /* FriendPhotosCollectionScreen.swift in Sources */,
				F20E69CC28AC19E100C51942 /* AppDelegate.swift in Sources */,
				F20E69CD28AC19E100C51942 /* SceneDelegate.swift in Sources */,
				F231663D29C44D190004DB95 /* ImageLoader.swift in Sources */,
				F2660D6A289FDDCC00EEEFAF /* LoginWebView.swift in Sources */,
				F2E85E2A28A3D03200798835 /* database.xcdatamodeld in Sources */,
				F2660D74289FF90100EEEFAF /* LoginViewModel.swift in Sources */,
				F281E8AF28AA97F4007A3697 /* FriendPhotosCell.swift in Sources */,
				F2660D6F289FF39C00EEEFAF /* KeychainLayer.swift in Sources */,
				F231DAE828A118340065B734 /* OnboardingScreen.swift in Sources */,
				F2E85E6428A3E3CD00798835 /* NetworkApiProtocol.swift in Sources */,
			);
			runOnlyForDeploymentPostprocessing = 0;
		};
/* End PBXSourcesBuildPhase section */

/* Begin XCBuildConfiguration section */
		F283FA60287C8C830049AB17 /* Debug */ = {
			isa = XCBuildConfiguration;
			buildSettings = {
				ALWAYS_SEARCH_USER_PATHS = NO;
				CLANG_ANALYZER_NONNULL = YES;
				CLANG_ANALYZER_NUMBER_OBJECT_CONVERSION = YES_AGGRESSIVE;
				CLANG_CXX_LANGUAGE_STANDARD = "gnu++17";
				CLANG_ENABLE_MODULES = YES;
				CLANG_ENABLE_OBJC_ARC = YES;
				CLANG_ENABLE_OBJC_WEAK = YES;
				CLANG_WARN_BLOCK_CAPTURE_AUTORELEASING = YES;
				CLANG_WARN_BOOL_CONVERSION = YES;
				CLANG_WARN_COMMA = YES;
				CLANG_WARN_CONSTANT_CONVERSION = YES;
				CLANG_WARN_DEPRECATED_OBJC_IMPLEMENTATIONS = YES;
				CLANG_WARN_DIRECT_OBJC_ISA_USAGE = YES_ERROR;
				CLANG_WARN_DOCUMENTATION_COMMENTS = YES;
				CLANG_WARN_EMPTY_BODY = YES;
				CLANG_WARN_ENUM_CONVERSION = YES;
				CLANG_WARN_INFINITE_RECURSION = YES;
				CLANG_WARN_INT_CONVERSION = YES;
				CLANG_WARN_NON_LITERAL_NULL_CONVERSION = YES;
				CLANG_WARN_OBJC_IMPLICIT_RETAIN_SELF = YES;
				CLANG_WARN_OBJC_LITERAL_CONVERSION = YES;
				CLANG_WARN_OBJC_ROOT_CLASS = YES_ERROR;
				CLANG_WARN_QUOTED_INCLUDE_IN_FRAMEWORK_HEADER = YES;
				CLANG_WARN_RANGE_LOOP_ANALYSIS = YES;
				CLANG_WARN_STRICT_PROTOTYPES = YES;
				CLANG_WARN_SUSPICIOUS_MOVE = YES;
				CLANG_WARN_UNGUARDED_AVAILABILITY = YES_AGGRESSIVE;
				CLANG_WARN_UNREACHABLE_CODE = YES;
				CLANG_WARN__DUPLICATE_METHOD_MATCH = YES;
				COPY_PHASE_STRIP = NO;
				DEBUG_INFORMATION_FORMAT = dwarf;
				ENABLE_STRICT_OBJC_MSGSEND = YES;
				ENABLE_TESTABILITY = YES;
				GCC_C_LANGUAGE_STANDARD = gnu11;
				GCC_DYNAMIC_NO_PIC = NO;
				GCC_NO_COMMON_BLOCKS = YES;
				GCC_OPTIMIZATION_LEVEL = 0;
				GCC_PREPROCESSOR_DEFINITIONS = (
					"DEBUG=1",
					"$(inherited)",
				);
				GCC_WARN_64_TO_32_BIT_CONVERSION = YES;
				GCC_WARN_ABOUT_RETURN_TYPE = YES_ERROR;
				GCC_WARN_UNDECLARED_SELECTOR = YES;
				GCC_WARN_UNINITIALIZED_AUTOS = YES_AGGRESSIVE;
				GCC_WARN_UNUSED_FUNCTION = YES;
				GCC_WARN_UNUSED_VARIABLE = YES;
				IPHONEOS_DEPLOYMENT_TARGET = 13.0;
				MTL_ENABLE_DEBUG_INFO = INCLUDE_SOURCE;
				MTL_FAST_MATH = YES;
				ONLY_ACTIVE_ARCH = YES;
				SDKROOT = iphoneos;
				SWIFT_ACTIVE_COMPILATION_CONDITIONS = DEBUG;
				SWIFT_OPTIMIZATION_LEVEL = "-Onone";
			};
			name = Debug;
		};
		F283FA61287C8C830049AB17 /* Release */ = {
			isa = XCBuildConfiguration;
			buildSettings = {
				ALWAYS_SEARCH_USER_PATHS = NO;
				CLANG_ANALYZER_NONNULL = YES;
				CLANG_ANALYZER_NUMBER_OBJECT_CONVERSION = YES_AGGRESSIVE;
				CLANG_CXX_LANGUAGE_STANDARD = "gnu++17";
				CLANG_ENABLE_MODULES = YES;
				CLANG_ENABLE_OBJC_ARC = YES;
				CLANG_ENABLE_OBJC_WEAK = YES;
				CLANG_WARN_BLOCK_CAPTURE_AUTORELEASING = YES;
				CLANG_WARN_BOOL_CONVERSION = YES;
				CLANG_WARN_COMMA = YES;
				CLANG_WARN_CONSTANT_CONVERSION = YES;
				CLANG_WARN_DEPRECATED_OBJC_IMPLEMENTATIONS = YES;
				CLANG_WARN_DIRECT_OBJC_ISA_USAGE = YES_ERROR;
				CLANG_WARN_DOCUMENTATION_COMMENTS = YES;
				CLANG_WARN_EMPTY_BODY = YES;
				CLANG_WARN_ENUM_CONVERSION = YES;
				CLANG_WARN_INFINITE_RECURSION = YES;
				CLANG_WARN_INT_CONVERSION = YES;
				CLANG_WARN_NON_LITERAL_NULL_CONVERSION = YES;
				CLANG_WARN_OBJC_IMPLICIT_RETAIN_SELF = YES;
				CLANG_WARN_OBJC_LITERAL_CONVERSION = YES;
				CLANG_WARN_OBJC_ROOT_CLASS = YES_ERROR;
				CLANG_WARN_QUOTED_INCLUDE_IN_FRAMEWORK_HEADER = YES;
				CLANG_WARN_RANGE_LOOP_ANALYSIS = YES;
				CLANG_WARN_STRICT_PROTOTYPES = YES;
				CLANG_WARN_SUSPICIOUS_MOVE = YES;
				CLANG_WARN_UNGUARDED_AVAILABILITY = YES_AGGRESSIVE;
				CLANG_WARN_UNREACHABLE_CODE = YES;
				CLANG_WARN__DUPLICATE_METHOD_MATCH = YES;
				COPY_PHASE_STRIP = NO;
				DEBUG_INFORMATION_FORMAT = "dwarf-with-dsym";
				ENABLE_NS_ASSERTIONS = NO;
				ENABLE_STRICT_OBJC_MSGSEND = YES;
				GCC_C_LANGUAGE_STANDARD = gnu11;
				GCC_NO_COMMON_BLOCKS = YES;
				GCC_WARN_64_TO_32_BIT_CONVERSION = YES;
				GCC_WARN_ABOUT_RETURN_TYPE = YES_ERROR;
				GCC_WARN_UNDECLARED_SELECTOR = YES;
				GCC_WARN_UNINITIALIZED_AUTOS = YES_AGGRESSIVE;
				GCC_WARN_UNUSED_FUNCTION = YES;
				GCC_WARN_UNUSED_VARIABLE = YES;
				IPHONEOS_DEPLOYMENT_TARGET = 13.0;
				MTL_ENABLE_DEBUG_INFO = NO;
				MTL_FAST_MATH = YES;
				SDKROOT = iphoneos;
				SWIFT_COMPILATION_MODE = wholemodule;
				SWIFT_OPTIMIZATION_LEVEL = "-O";
				VALIDATE_PRODUCT = YES;
			};
			name = Release;
		};
		F283FA63287C8C830049AB17 /* Debug */ = {
			isa = XCBuildConfiguration;
			buildSettings = {
				ASSETCATALOG_COMPILER_APPICON_NAME = AppIcon;
				ASSETCATALOG_COMPILER_GLOBAL_ACCENT_COLOR_NAME = AccentColor;
				CODE_SIGN_STYLE = Automatic;
				CURRENT_PROJECT_VERSION = 1;
				DEVELOPMENT_ASSET_PATHS = "\"vkSwiftUI/Resource/Preview Content\"";
				DEVELOPMENT_TEAM = 97UL48L835;
				ENABLE_PREVIEWS = YES;
				GENERATE_INFOPLIST_FILE = YES;
				INFOPLIST_FILE = vkSwiftUI/Info.plist;
				INFOPLIST_KEY_UIApplicationSupportsIndirectInputEvents = YES;
				INFOPLIST_KEY_UILaunchScreen_Generation = YES;
				INFOPLIST_KEY_UILaunchStoryboardName = LaunchScreen.storyboard;
				INFOPLIST_KEY_UISupportedInterfaceOrientations_iPad = "UIInterfaceOrientationPortrait UIInterfaceOrientationPortraitUpsideDown UIInterfaceOrientationLandscapeLeft UIInterfaceOrientationLandscapeRight";
				INFOPLIST_KEY_UISupportedInterfaceOrientations_iPhone = "UIInterfaceOrientationPortrait UIInterfaceOrientationLandscapeLeft UIInterfaceOrientationLandscapeRight";
				LD_RUNPATH_SEARCH_PATHS = (
					"$(inherited)",
					"@executable_path/Frameworks",
				);
				MARKETING_VERSION = 1.0;
				PRODUCT_BUNDLE_IDENTIFIER = gb.vkSwiftUI;
				PRODUCT_NAME = "$(TARGET_NAME)";
				SUPPORTED_PLATFORMS = "iphoneos iphonesimulator";
				SUPPORTS_MACCATALYST = NO;
				SUPPORTS_MAC_DESIGNED_FOR_IPHONE_IPAD = NO;
				SWIFT_EMIT_LOC_STRINGS = YES;
				SWIFT_VERSION = 5.0;
				TARGETED_DEVICE_FAMILY = "1,2";
			};
			name = Debug;
		};
		F283FA64287C8C830049AB17 /* Release */ = {
			isa = XCBuildConfiguration;
			buildSettings = {
				ASSETCATALOG_COMPILER_APPICON_NAME = AppIcon;
				ASSETCATALOG_COMPILER_GLOBAL_ACCENT_COLOR_NAME = AccentColor;
				CODE_SIGN_STYLE = Automatic;
				CURRENT_PROJECT_VERSION = 1;
				DEVELOPMENT_ASSET_PATHS = "\"vkSwiftUI/Resource/Preview Content\"";
				DEVELOPMENT_TEAM = 97UL48L835;
				ENABLE_PREVIEWS = YES;
				GENERATE_INFOPLIST_FILE = YES;
				INFOPLIST_FILE = vkSwiftUI/Info.plist;
				INFOPLIST_KEY_UIApplicationSupportsIndirectInputEvents = YES;
				INFOPLIST_KEY_UILaunchScreen_Generation = YES;
				INFOPLIST_KEY_UILaunchStoryboardName = LaunchScreen.storyboard;
				INFOPLIST_KEY_UISupportedInterfaceOrientations_iPad = "UIInterfaceOrientationPortrait UIInterfaceOrientationPortraitUpsideDown UIInterfaceOrientationLandscapeLeft UIInterfaceOrientationLandscapeRight";
				INFOPLIST_KEY_UISupportedInterfaceOrientations_iPhone = "UIInterfaceOrientationPortrait UIInterfaceOrientationLandscapeLeft UIInterfaceOrientationLandscapeRight";
				LD_RUNPATH_SEARCH_PATHS = (
					"$(inherited)",
					"@executable_path/Frameworks",
				);
				MARKETING_VERSION = 1.0;
				PRODUCT_BUNDLE_IDENTIFIER = gb.vkSwiftUI;
				PRODUCT_NAME = "$(TARGET_NAME)";
				SUPPORTED_PLATFORMS = "iphoneos iphonesimulator";
				SUPPORTS_MACCATALYST = NO;
				SUPPORTS_MAC_DESIGNED_FOR_IPHONE_IPAD = NO;
				SWIFT_EMIT_LOC_STRINGS = YES;
				SWIFT_VERSION = 5.0;
				TARGETED_DEVICE_FAMILY = "1,2";
			};
			name = Release;
		};
/* End XCBuildConfiguration section */

/* Begin XCConfigurationList section */
		F283FA4F287C8C820049AB17 /* Build configuration list for PBXProject "vkSwiftUI" */ = {
			isa = XCConfigurationList;
			buildConfigurations = (
				F283FA60287C8C830049AB17 /* Debug */,
				F283FA61287C8C830049AB17 /* Release */,
			);
			defaultConfigurationIsVisible = 0;
			defaultConfigurationName = Release;
		};
		F283FA62287C8C830049AB17 /* Build configuration list for PBXNativeTarget "vkSwiftUI" */ = {
			isa = XCConfigurationList;
			buildConfigurations = (
				F283FA63287C8C830049AB17 /* Debug */,
				F283FA64287C8C830049AB17 /* Release */,
			);
			defaultConfigurationIsVisible = 0;
			defaultConfigurationName = Release;
		};
/* End XCConfigurationList section */

/* Begin XCRemoteSwiftPackageReference section */
		F2660D70289FF3DE00EEEFAF /* XCRemoteSwiftPackageReference "keychain-swift" */ = {
			isa = XCRemoteSwiftPackageReference;
			repositoryURL = "https://github.com/evgenyneu/keychain-swift.git";
			requirement = {
				branch = master;
				kind = branch;
			};
		};
/* End XCRemoteSwiftPackageReference section */

/* Begin XCSwiftPackageProductDependency section */
		F2660D71289FF3DE00EEEFAF /* KeychainSwift */ = {
			isa = XCSwiftPackageProductDependency;
			package = F2660D70289FF3DE00EEEFAF /* XCRemoteSwiftPackageReference "keychain-swift" */;
			productName = KeychainSwift;
		};
/* End XCSwiftPackageProductDependency section */

/* Begin XCVersionGroup section */
		F2E85E2828A3D03200798835 /* database.xcdatamodeld */ = {
			isa = XCVersionGroup;
			children = (
				F2E85E2928A3D03200798835 /* database.xcdatamodel */,
			);
			currentVersion = F2E85E2928A3D03200798835 /* database.xcdatamodel */;
			path = database.xcdatamodeld;
			sourceTree = "<group>";
			versionGroupType = wrapper.xcdatamodel;
		};
/* End XCVersionGroup section */
	};
	rootObject = F283FA4C287C8C820049AB17 /* Project object */;
}
