// !$*UTF8*$!
{
	archiveVersion = 1;
	classes = {
	};
	objectVersion = 55;
	objects = {

/* Begin PBXBuildFile section */
		F20767E928A547AC000B67C7 /* FriendModel+CoreDataClass.swift in Sources */ = {isa = PBXBuildFile; fileRef = F20767E728A547AC000B67C7 /* FriendModel+CoreDataClass.swift */; };
		F20767EA28A547AC000B67C7 /* FriendModel+CoreDataProperties.swift in Sources */ = {isa = PBXBuildFile; fileRef = F20767E828A547AC000B67C7 /* FriendModel+CoreDataProperties.swift */; };
		F21B8E302882D54A004E7868 /* FriendsListScreen.swift in Sources */ = {isa = PBXBuildFile; fileRef = F21B8E2F2882D54A004E7868 /* FriendsListScreen.swift */; };
		F231DAE828A118340065B734 /* ChooseScreen.swift in Sources */ = {isa = PBXBuildFile; fileRef = F231DAE728A118340065B734 /* ChooseScreen.swift */; };
		F231DAEA28A118480065B734 /* ChooseViewModel.swift in Sources */ = {isa = PBXBuildFile; fileRef = F231DAE928A118480065B734 /* ChooseViewModel.swift */; };
		F231DAF028A131720065B734 /* FriendPhotosCollection.swift in Sources */ = {isa = PBXBuildFile; fileRef = F231DAEF28A131720065B734 /* FriendPhotosCollection.swift */; };
		F25AC1AB287DBCE900800585 /* LoginScreen.swift in Sources */ = {isa = PBXBuildFile; fileRef = F25AC1AA287DBCE900800585 /* LoginScreen.swift */; };
		F2660D6A289FDDCC00EEEFAF /* LoginWebView.swift in Sources */ = {isa = PBXBuildFile; fileRef = F2660D69289FDDCC00EEEFAF /* LoginWebView.swift */; };
		F2660D6F289FF39C00EEEFAF /* KeychainLayer.swift in Sources */ = {isa = PBXBuildFile; fileRef = F2660D6E289FF39C00EEEFAF /* KeychainLayer.swift */; };
		F2660D72289FF3DE00EEEFAF /* KeychainSwift in Frameworks */ = {isa = PBXBuildFile; productRef = F2660D71289FF3DE00EEEFAF /* KeychainSwift */; };
		F2660D74289FF90100EEEFAF /* LoginViewModel.swift in Sources */ = {isa = PBXBuildFile; fileRef = F2660D73289FF90100EEEFAF /* LoginViewModel.swift */; };
		F2660D7928A023D900EEEFAF /* MainScreen.swift in Sources */ = {isa = PBXBuildFile; fileRef = F2660D7828A023D900EEEFAF /* MainScreen.swift */; };
		F272CA7B28858A39007ACA36 /* FriendsListCell.swift in Sources */ = {isa = PBXBuildFile; fileRef = F272CA7A28858A39007ACA36 /* FriendsListCell.swift */; };
		F272CA7F2885906A007ACA36 /* ImageModifier.swift in Sources */ = {isa = PBXBuildFile; fileRef = F272CA7E2885906A007ACA36 /* ImageModifier.swift */; };
		F281E8AB28AA7F47007A3697 /* ViewModifier.swift in Sources */ = {isa = PBXBuildFile; fileRef = F281E8AA28AA7F47007A3697 /* ViewModifier.swift */; };
		F281E8AF28AA97F4007A3697 /* FriendPhotosCell.swift in Sources */ = {isa = PBXBuildFile; fileRef = F281E8AE28AA97F4007A3697 /* FriendPhotosCell.swift */; };
		F283FA58287C8C820049AB17 /* VkSwiftUIApp.swift in Sources */ = {isa = PBXBuildFile; fileRef = F283FA57287C8C820049AB17 /* VkSwiftUIApp.swift */; };
		F283FA5C287C8C830049AB17 /* Assets.xcassets in Resources */ = {isa = PBXBuildFile; fileRef = F283FA5B287C8C830049AB17 /* Assets.xcassets */; };
		F283FA5F287C8C830049AB17 /* Preview Assets.xcassets in Resources */ = {isa = PBXBuildFile; fileRef = F283FA5E287C8C830049AB17 /* Preview Assets.xcassets */; };
		F2E85E2228A3C2F400798835 /* ApiEndpoint.swift in Sources */ = {isa = PBXBuildFile; fileRef = F2E85E1B28A3C2F400798835 /* ApiEndpoint.swift */; };
		F2E85E2328A3C2F400798835 /* RequestBase.swift in Sources */ = {isa = PBXBuildFile; fileRef = F2E85E1D28A3C2F400798835 /* RequestBase.swift */; };
		F2E85E2428A3C2F400798835 /* EndpointBase.swift in Sources */ = {isa = PBXBuildFile; fileRef = F2E85E1E28A3C2F400798835 /* EndpointBase.swift */; };
		F2E85E2528A3C2F400798835 /* RequestMethod.swift in Sources */ = {isa = PBXBuildFile; fileRef = F2E85E1F28A3C2F400798835 /* RequestMethod.swift */; };
		F2E85E2628A3C2F400798835 /* RequestError.swift in Sources */ = {isa = PBXBuildFile; fileRef = F2E85E2028A3C2F400798835 /* RequestError.swift */; };
		F2E85E2A28A3D03200798835 /* database.xcdatamodeld in Sources */ = {isa = PBXBuildFile; fileRef = F2E85E2828A3D03200798835 /* database.xcdatamodeld */; };
		F2E85E5328A3D35100798835 /* Persistence.swift in Sources */ = {isa = PBXBuildFile; fileRef = F2E85E5028A3D35100798835 /* Persistence.swift */; };
		F2E85E6128A3E26000798835 /* CodingUserInfoKey.swift in Sources */ = {isa = PBXBuildFile; fileRef = F2E85E6028A3E26000798835 /* CodingUserInfoKey.swift */; };
		F2E85E6428A3E3CD00798835 /* ApiLayer.swift in Sources */ = {isa = PBXBuildFile; fileRef = F2E85E6328A3E3CD00798835 /* ApiLayer.swift */; };
		F2E85E6628A3E3E900798835 /* Responses.swift in Sources */ = {isa = PBXBuildFile; fileRef = F2E85E6528A3E3E900798835 /* Responses.swift */; };
		F2E85E6828A3E4D800798835 /* FriendsViewModel.swift in Sources */ = {isa = PBXBuildFile; fileRef = F2E85E6728A3E4D800798835 /* FriendsViewModel.swift */; };
		F2E85E6B28A3F6BE00798835 /* FriendViewModel.swift in Sources */ = {isa = PBXBuildFile; fileRef = F2E85E6A28A3F6BE00798835 /* FriendViewModel.swift */; };
		F2EBB79928801D420004352D /* Color.swift in Sources */ = {isa = PBXBuildFile; fileRef = F2EBB79828801D420004352D /* Color.swift */; };
/* End PBXBuildFile section */

/* Begin PBXFileReference section */
		F20767E728A547AC000B67C7 /* FriendModel+CoreDataClass.swift */ = {isa = PBXFileReference; lastKnownFileType = sourcecode.swift; path = "FriendModel+CoreDataClass.swift"; sourceTree = "<group>"; };
		F20767E828A547AC000B67C7 /* FriendModel+CoreDataProperties.swift */ = {isa = PBXFileReference; lastKnownFileType = sourcecode.swift; path = "FriendModel+CoreDataProperties.swift"; sourceTree = "<group>"; };
		F21B8E2F2882D54A004E7868 /* FriendsListScreen.swift */ = {isa = PBXFileReference; lastKnownFileType = sourcecode.swift; path = FriendsListScreen.swift; sourceTree = "<group>"; };
		F231DAEF28A131720065B734 /* FriendPhotosCollection.swift */ = {isa = PBXFileReference; lastKnownFileType = sourcecode.swift; path = FriendPhotosCollection.swift; sourceTree = "<group>"; };
		F25AC1AA287DBCE900800585 /* LoginScreen.swift */ = {isa = PBXFileReference; lastKnownFileType = sourcecode.swift; path = LoginScreen.swift; sourceTree = "<group>"; };
		F2660D69289FDDCC00EEEFAF /* LoginWebView.swift */ = {isa = PBXFileReference; lastKnownFileType = sourcecode.swift; path = LoginWebView.swift; sourceTree = "<group>"; };
		F2660D6E289FF39C00EEEFAF /* KeychainLayer.swift */ = {isa = PBXFileReference; fileEncoding = 4; lastKnownFileType = sourcecode.swift; path = KeychainLayer.swift; sourceTree = "<group>"; };
		F2660D73289FF90100EEEFAF /* LoginViewModel.swift */ = {isa = PBXFileReference; lastKnownFileType = sourcecode.swift; path = LoginViewModel.swift; sourceTree = "<group>"; };
		F2660D7828A023D900EEEFAF /* MainScreen.swift */ = {isa = PBXFileReference; lastKnownFileType = sourcecode.swift; path = MainScreen.swift; sourceTree = "<group>"; };
		F272CA7A28858A39007ACA36 /* FriendsListCell.swift */ = {isa = PBXFileReference; lastKnownFileType = sourcecode.swift; path = FriendsListCell.swift; sourceTree = "<group>"; };
		F272CA7E2885906A007ACA36 /* ImageModifier.swift */ = {isa = PBXFileReference; lastKnownFileType = sourcecode.swift; path = ImageModifier.swift; sourceTree = "<group>"; };
		F281E8AA28AA7F47007A3697 /* ViewModifier.swift */ = {isa = PBXFileReference; lastKnownFileType = sourcecode.swift; path = ViewModifier.swift; sourceTree = "<group>"; };
		F281E8AE28AA97F4007A3697 /* FriendPhotosCell.swift */ = {isa = PBXFileReference; lastKnownFileType = sourcecode.swift; path = FriendPhotosCell.swift; sourceTree = "<group>"; };
		F283FA54287C8C820049AB17 /* vkSwiftUI.app */ = {isa = PBXFileReference; explicitFileType = wrapper.application; includeInIndex = 0; path = vkSwiftUI.app; sourceTree = BUILT_PRODUCTS_DIR; };
		F283FA57287C8C820049AB17 /* VkSwiftUIApp.swift */ = {isa = PBXFileReference; lastKnownFileType = sourcecode.swift; path = VkSwiftUIApp.swift; sourceTree = "<group>"; };
		F283FA5B287C8C830049AB17 /* Assets.xcassets */ = {isa = PBXFileReference; lastKnownFileType = folder.assetcatalog; path = Assets.xcassets; sourceTree = "<group>"; };
		F283FA5E287C8C830049AB17 /* Preview Assets.xcassets */ = {isa = PBXFileReference; lastKnownFileType = folder.assetcatalog; path = "Preview Assets.xcassets"; sourceTree = "<group>"; };
		F2E85E1B28A3C2F400798835 /* ApiEndpoint.swift */ = {isa = PBXFileReference; fileEncoding = 4; lastKnownFileType = sourcecode.swift; path = ApiEndpoint.swift; sourceTree = "<group>"; };
		F2E85E1D28A3C2F400798835 /* RequestBase.swift */ = {isa = PBXFileReference; fileEncoding = 4; lastKnownFileType = sourcecode.swift; path = RequestBase.swift; sourceTree = "<group>"; };
		F2E85E1E28A3C2F400798835 /* EndpointBase.swift */ = {isa = PBXFileReference; fileEncoding = 4; lastKnownFileType = sourcecode.swift; path = EndpointBase.swift; sourceTree = "<group>"; };
		F2E85E1F28A3C2F400798835 /* RequestMethod.swift */ = {isa = PBXFileReference; fileEncoding = 4; lastKnownFileType = sourcecode.swift; path = RequestMethod.swift; sourceTree = "<group>"; };
		F2E85E2028A3C2F400798835 /* RequestError.swift */ = {isa = PBXFileReference; fileEncoding = 4; lastKnownFileType = sourcecode.swift; path = RequestError.swift; sourceTree = "<group>"; };
		F2E85E2928A3D03200798835 /* database.xcdatamodel */ = {isa = PBXFileReference; lastKnownFileType = wrapper.xcdatamodel; path = database.xcdatamodel; sourceTree = "<group>"; };
		F2E85E5028A3D35100798835 /* Persistence.swift */ = {isa = PBXFileReference; fileEncoding = 4; lastKnownFileType = sourcecode.swift; path = Persistence.swift; sourceTree = "<group>"; };
		F2E85E6028A3E26000798835 /* CodingUserInfoKey.swift */ = {isa = PBXFileReference; lastKnownFileType = sourcecode.swift; path = CodingUserInfoKey.swift; sourceTree = "<group>"; };
		F2E85E6328A3E3CD00798835 /* ApiLayer.swift */ = {isa = PBXFileReference; fileEncoding = 4; lastKnownFileType = sourcecode.swift; path = ApiLayer.swift; sourceTree = "<group>"; };
		F2E85E6528A3E3E900798835 /* Responses.swift */ = {isa = PBXFileReference; fileEncoding = 4; lastKnownFileType = sourcecode.swift; path = Responses.swift; sourceTree = "<group>"; };
		F2E85E6728A3E4D800798835 /* FriendsViewModel.swift */ = {isa = PBXFileReference; lastKnownFileType = sourcecode.swift; path = FriendsViewModel.swift; sourceTree = "<group>"; };
		F2E85E6A28A3F6BE00798835 /* FriendViewModel.swift */ = {isa = PBXFileReference; lastKnownFileType = sourcecode.swift; path = FriendViewModel.swift; sourceTree = "<group>"; };
		F2EBB79828801D420004352D /* Color.swift */ = {isa = PBXFileReference; lastKnownFileType = sourcecode.swift; path = Color.swift; sourceTree = "<group>"; };
/* End PBXFileReference section */

/* Begin PBXFrameworksBuildPhase section */
		F283FA51287C8C820049AB17 /* Frameworks */ = {
			isa = PBXFrameworksBuildPhase;
			buildActionMask = 2147483647;
			files = (
				F2660D72289FF3DE00EEEFAF /* KeychainSwift in Frameworks */,
			);
			runOnlyForDeploymentPostprocessing = 0;
		};
/* End PBXFrameworksBuildPhase section */

/* Begin PBXGroup section */
		F21B8E2D2882D47A004E7868 /* Friend List */ = {
			isa = PBXGroup;
			children = (
				F21B8E2F2882D54A004E7868 /* FriendsListScreen.swift */,
				F2E85E6728A3E4D800798835 /* FriendsViewModel.swift */,
			);
			path = "Friend List";
			sourceTree = "<group>";
		};
		F21B8E2E2882D486004E7868 /* Login */ = {
			isa = PBXGroup;
			children = (
				F25AC1AA287DBCE900800585 /* LoginScreen.swift */,
				F2660D73289FF90100EEEFAF /* LoginViewModel.swift */,
			);
			path = Login;
			sourceTree = "<group>";
		};
		F231DAEB28A12BD10065B734 /* Choose */ = {
			isa = PBXGroup;
			children = (
				F231DAE928A118480065B734 /* ChooseViewModel.swift */,
				F231DAE728A118340065B734 /* ChooseScreen.swift */,
			);
			path = Choose;
			sourceTree = "<group>";
		};
		F231DAEC28A131420065B734 /* Friend Photos */ = {
			isa = PBXGroup;
			children = (
				F231DAEF28A131720065B734 /* FriendPhotosCollection.swift */,
			);
			path = "Friend Photos";
			sourceTree = "<group>";
		};
		F25AC1A9287DBC8F00800585 /* Screens */ = {
			isa = PBXGroup;
			children = (
				F231DAEC28A131420065B734 /* Friend Photos */,
				F231DAEB28A12BD10065B734 /* Choose */,
				F21B8E2E2882D486004E7868 /* Login */,
				F2660D7528A023A800EEEFAF /* Main */,
				F21B8E2D2882D47A004E7868 /* Friend List */,
			);
			path = Screens;
			sourceTree = "<group>";
		};
		F2660D55289FDACE00EEEFAF /* Support */ = {
			isa = PBXGroup;
			children = (
				F2660D6D289FF39200EEEFAF /* Layers */,
			);
			path = Support;
			sourceTree = "<group>";
		};
		F2660D6D289FF39200EEEFAF /* Layers */ = {
			isa = PBXGroup;
			children = (
				F2E85E1928A3C2F400798835 /* Api */,
				F2E85E6328A3E3CD00798835 /* ApiLayer.swift */,
				F2660D6E289FF39C00EEEFAF /* KeychainLayer.swift */,
			);
			path = Layers;
			sourceTree = "<group>";
		};
		F2660D7528A023A800EEEFAF /* Main */ = {
			isa = PBXGroup;
			children = (
				F2660D7828A023D900EEEFAF /* MainScreen.swift */,
			);
			path = Main;
			sourceTree = "<group>";
		};
		F272CA7728858965007ACA36 /* UI */ = {
			isa = PBXGroup;
			children = (
				F272CA7D28859053007ACA36 /* Modifier */,
				F272CA7C28859049007ACA36 /* View */,
			);
			path = UI;
			sourceTree = "<group>";
		};
		F272CA7C28859049007ACA36 /* View */ = {
			isa = PBXGroup;
			children = (
				F272CA7A28858A39007ACA36 /* FriendsListCell.swift */,
				F2660D69289FDDCC00EEEFAF /* LoginWebView.swift */,
				F281E8AE28AA97F4007A3697 /* FriendPhotosCell.swift */,
			);
			path = View;
			sourceTree = "<group>";
		};
		F272CA7D28859053007ACA36 /* Modifier */ = {
			isa = PBXGroup;
			children = (
				F272CA7E2885906A007ACA36 /* ImageModifier.swift */,
				F281E8AA28AA7F47007A3697 /* ViewModifier.swift */,
			);
			path = Modifier;
			sourceTree = "<group>";
		};
		F283FA4B287C8C820049AB17 = {
			isa = PBXGroup;
			children = (
				F20767E728A547AC000B67C7 /* FriendModel+CoreDataClass.swift */,
				F20767E828A547AC000B67C7 /* FriendModel+CoreDataProperties.swift */,
				F283FA56287C8C820049AB17 /* vkSwiftUI */,
				F283FA55287C8C820049AB17 /* Products */,
			);
			sourceTree = "<group>";
		};
		F283FA55287C8C820049AB17 /* Products */ = {
			isa = PBXGroup;
			children = (
				F283FA54287C8C820049AB17 /* vkSwiftUI.app */,
			);
			name = Products;
			sourceTree = "<group>";
		};
		F283FA56287C8C820049AB17 /* vkSwiftUI */ = {
			isa = PBXGroup;
			children = (
				F2E85E2B28A3D19E00798835 /* Models */,
				F2660D55289FDACE00EEEFAF /* Support */,
				F272CA7728858965007ACA36 /* UI */,
				F2EBB79B28801E3C0004352D /* App Delegate */,
				F2EBB79A28801E210004352D /* Resource */,
				F25AC1A9287DBC8F00800585 /* Screens */,
				F2EBB79728801D330004352D /* Extensions */,
			);
			path = vkSwiftUI;
			sourceTree = "<group>";
		};
		F283FA5D287C8C830049AB17 /* Preview Content */ = {
			isa = PBXGroup;
			children = (
				F283FA5E287C8C830049AB17 /* Preview Assets.xcassets */,
			);
			path = "Preview Content";
			sourceTree = "<group>";
		};
		F2E85E1928A3C2F400798835 /* Api */ = {
			isa = PBXGroup;
			children = (
				F2E85E1A28A3C2F400798835 /* Endpoints */,
				F2E85E1C28A3C2F400798835 /* Base */,
			);
			path = Api;
			sourceTree = "<group>";
		};
		F2E85E1A28A3C2F400798835 /* Endpoints */ = {
			isa = PBXGroup;
			children = (
				F2E85E1B28A3C2F400798835 /* ApiEndpoint.swift */,
			);
			path = Endpoints;
			sourceTree = "<group>";
		};
		F2E85E1C28A3C2F400798835 /* Base */ = {
			isa = PBXGroup;
			children = (
				F2E85E1D28A3C2F400798835 /* RequestBase.swift */,
				F2E85E1E28A3C2F400798835 /* EndpointBase.swift */,
				F2E85E1F28A3C2F400798835 /* RequestMethod.swift */,
				F2E85E2028A3C2F400798835 /* RequestError.swift */,
			);
			path = Base;
			sourceTree = "<group>";
		};
		F2E85E2B28A3D19E00798835 /* Models */ = {
			isa = PBXGroup;
			children = (
				F2E85E6928A3F68C00798835 /* View Models */,
				F2E85E6228A3E3B600798835 /* Core data */,
				F2E85E6528A3E3E900798835 /* Responses.swift */,
			);
			path = Models;
			sourceTree = "<group>";
		};
		F2E85E6228A3E3B600798835 /* Core data */ = {
			isa = PBXGroup;
			children = (
				F2E85E7028A4191400798835 /* Friend */,
			);
			path = "Core data";
			sourceTree = "<group>";
		};
		F2E85E6928A3F68C00798835 /* View Models */ = {
			isa = PBXGroup;
			children = (
				F2E85E6A28A3F6BE00798835 /* FriendViewModel.swift */,
			);
			path = "View Models";
			sourceTree = "<group>";
		};
		F2E85E7028A4191400798835 /* Friend */ = {
			isa = PBXGroup;
			children = (
			);
			path = Friend;
			sourceTree = "<group>";
		};
		F2EBB79728801D330004352D /* Extensions */ = {
			isa = PBXGroup;
			children = (
				F2EBB79828801D420004352D /* Color.swift */,
				F2E85E6028A3E26000798835 /* CodingUserInfoKey.swift */,
			);
			path = Extensions;
			sourceTree = "<group>";
		};
		F2EBB79A28801E210004352D /* Resource */ = {
			isa = PBXGroup;
			children = (
				F2E85E5028A3D35100798835 /* Persistence.swift */,
				F283FA5D287C8C830049AB17 /* Preview Content */,
				F283FA5B287C8C830049AB17 /* Assets.xcassets */,
				F2E85E2828A3D03200798835 /* database.xcdatamodeld */,
			);
			path = Resource;
			sourceTree = "<group>";
		};
		F2EBB79B28801E3C0004352D /* App Delegate */ = {
			isa = PBXGroup;
			children = (
				F283FA57287C8C820049AB17 /* VkSwiftUIApp.swift */,
			);
			path = "App Delegate";
			sourceTree = "<group>";
		};
/* End PBXGroup section */

/* Begin PBXNativeTarget section */
		F283FA53287C8C820049AB17 /* vkSwiftUI */ = {
			isa = PBXNativeTarget;
			buildConfigurationList = F283FA62287C8C830049AB17 /* Build configuration list for PBXNativeTarget "vkSwiftUI" */;
			buildPhases = (
				F283FA50287C8C820049AB17 /* Sources */,
				F283FA51287C8C820049AB17 /* Frameworks */,
				F283FA52287C8C820049AB17 /* Resources */,
				F283FA66287C8E340049AB17 /* ShellScript */,
			);
			buildRules = (
			);
			dependencies = (
			);
			name = vkSwiftUI;
			packageProductDependencies = (
				F2660D71289FF3DE00EEEFAF /* KeychainSwift */,
			);
			productName = vkSwiftUI;
			productReference = F283FA54287C8C820049AB17 /* vkSwiftUI.app */;
			productType = "com.apple.product-type.application";
		};
/* End PBXNativeTarget section */

/* Begin PBXProject section */
		F283FA4C287C8C820049AB17 /* Project object */ = {
			isa = PBXProject;
			attributes = {
				BuildIndependentTargetsInParallel = 1;
				LastSwiftUpdateCheck = 1340;
				LastUpgradeCheck = 1340;
				TargetAttributes = {
					F283FA53287C8C820049AB17 = {
						CreatedOnToolsVersion = 13.4.1;
					};
				};
			};
			buildConfigurationList = F283FA4F287C8C820049AB17 /* Build configuration list for PBXProject "vkSwiftUI" */;
			compatibilityVersion = "Xcode 13.0";
			developmentRegion = en;
			hasScannedForEncodings = 0;
			knownRegions = (
				en,
				Base,
			);
			mainGroup = F283FA4B287C8C820049AB17;
			packageReferences = (
				F2660D70289FF3DE00EEEFAF /* XCRemoteSwiftPackageReference "keychain-swift" */,
			);
			productRefGroup = F283FA55287C8C820049AB17 /* Products */;
			projectDirPath = "";
			projectRoot = "";
			targets = (
				F283FA53287C8C820049AB17 /* vkSwiftUI */,
			);
		};
/* End PBXProject section */

/* Begin PBXResourcesBuildPhase section */
		F283FA52287C8C820049AB17 /* Resources */ = {
			isa = PBXResourcesBuildPhase;
			buildActionMask = 2147483647;
			files = (
				F283FA5F287C8C830049AB17 /* Preview Assets.xcassets in Resources */,
				F283FA5C287C8C830049AB17 /* Assets.xcassets in Resources */,
			);
			runOnlyForDeploymentPostprocessing = 0;
		};
/* End PBXResourcesBuildPhase section */

/* Begin PBXShellScriptBuildPhase section */
		F283FA66287C8E340049AB17 /* ShellScript */ = {
			isa = PBXShellScriptBuildPhase;
			buildActionMask = 2147483647;
			files = (
			);
			inputFileListPaths = (
			);
			inputPaths = (
			);
			outputFileListPaths = (
			);
			outputPaths = (
			);
			runOnlyForDeploymentPostprocessing = 0;
			shellPath = /bin/sh;
			shellScript = "export PATH=\"$PATH:/opt/homebrew/bin\"\nif which swiftlint > /dev/null; then\n  swiftlint\nelse\n  echo \"warning: SwiftLint not installed, download from https://github.com/realm/SwiftLint\"\nfi\n";
		};
/* End PBXShellScriptBuildPhase section */

/* Begin PBXSourcesBuildPhase section */
		F283FA50287C8C820049AB17 /* Sources */ = {
			isa = PBXSourcesBuildPhase;
			buildActionMask = 2147483647;
			files = (
				F2EBB79928801D420004352D /* Color.swift in Sources */,
				F231DAEA28A118480065B734 /* ChooseViewModel.swift in Sources */,
				F20767EA28A547AC000B67C7 /* FriendModel+CoreDataProperties.swift in Sources */,
				F272CA7F2885906A007ACA36 /* ImageModifier.swift in Sources */,
				F20767E928A547AC000B67C7 /* FriendModel+CoreDataClass.swift in Sources */,
				F2E85E2228A3C2F400798835 /* ApiEndpoint.swift in Sources */,
				F2660D7928A023D900EEEFAF /* MainScreen.swift in Sources */,
				F283FA58287C8C820049AB17 /* VkSwiftUIApp.swift in Sources */,
				F2E85E6628A3E3E900798835 /* Responses.swift in Sources */,
				F2E85E2328A3C2F400798835 /* RequestBase.swift in Sources */,
				F2E85E6828A3E4D800798835 /* FriendsViewModel.swift in Sources */,
				F2E85E2528A3C2F400798835 /* RequestMethod.swift in Sources */,
				F2E85E2628A3C2F400798835 /* RequestError.swift in Sources */,
				F25AC1AB287DBCE900800585 /* LoginScreen.swift in Sources */,
				F21B8E302882D54A004E7868 /* FriendsListScreen.swift in Sources */,
				F2E85E2428A3C2F400798835 /* EndpointBase.swift in Sources */,
				F2E85E6B28A3F6BE00798835 /* FriendViewModel.swift in Sources */,
				F2E85E5328A3D35100798835 /* Persistence.swift in Sources */,
				F272CA7B28858A39007ACA36 /* FriendsListCell.swift in Sources */,
				F281E8AB28AA7F47007A3697 /* ViewModifier.swift in Sources */,
				F231DAF028A131720065B734 /* FriendPhotosCollection.swift in Sources */,
				F2660D6A289FDDCC00EEEFAF /* LoginWebView.swift in Sources */,
				F2E85E6128A3E26000798835 /* CodingUserInfoKey.swift in Sources */,
				F2E85E2A28A3D03200798835 /* database.xcdatamodeld in Sources */,
				F2660D74289FF90100EEEFAF /* LoginViewModel.swift in Sources */,
				F281E8AF28AA97F4007A3697 /* FriendPhotosCell.swift in Sources */,
				F2660D6F289FF39C00EEEFAF /* KeychainLayer.swift in Sources */,
				F231DAE828A118340065B734 /* ChooseScreen.swift in Sources */,
				F2E85E6428A3E3CD00798835 /* ApiLayer.swift in Sources */,
			);
			runOnlyForDeploymentPostprocessing = 0;
		};
/* End PBXSourcesBuildPhase section */

/* Begin XCBuildConfiguration section */
		F283FA60287C8C830049AB17 /* Debug */ = {
			isa = XCBuildConfiguration;
			buildSettings = {
				ALWAYS_SEARCH_USER_PATHS = NO;
				CLANG_ANALYZER_NONNULL = YES;
				CLANG_ANALYZER_NUMBER_OBJECT_CONVERSION = YES_AGGRESSIVE;
				CLANG_CXX_LANGUAGE_STANDARD = "gnu++17";
				CLANG_ENABLE_MODULES = YES;
				CLANG_ENABLE_OBJC_ARC = YES;
				CLANG_ENABLE_OBJC_WEAK = YES;
				CLANG_WARN_BLOCK_CAPTURE_AUTORELEASING = YES;
				CLANG_WARN_BOOL_CONVERSION = YES;
				CLANG_WARN_COMMA = YES;
				CLANG_WARN_CONSTANT_CONVERSION = YES;
				CLANG_WARN_DEPRECATED_OBJC_IMPLEMENTATIONS = YES;
				CLANG_WARN_DIRECT_OBJC_ISA_USAGE = YES_ERROR;
				CLANG_WARN_DOCUMENTATION_COMMENTS = YES;
				CLANG_WARN_EMPTY_BODY = YES;
				CLANG_WARN_ENUM_CONVERSION = YES;
				CLANG_WARN_INFINITE_RECURSION = YES;
				CLANG_WARN_INT_CONVERSION = YES;
				CLANG_WARN_NON_LITERAL_NULL_CONVERSION = YES;
				CLANG_WARN_OBJC_IMPLICIT_RETAIN_SELF = YES;
				CLANG_WARN_OBJC_LITERAL_CONVERSION = YES;
				CLANG_WARN_OBJC_ROOT_CLASS = YES_ERROR;
				CLANG_WARN_QUOTED_INCLUDE_IN_FRAMEWORK_HEADER = YES;
				CLANG_WARN_RANGE_LOOP_ANALYSIS = YES;
				CLANG_WARN_STRICT_PROTOTYPES = YES;
				CLANG_WARN_SUSPICIOUS_MOVE = YES;
				CLANG_WARN_UNGUARDED_AVAILABILITY = YES_AGGRESSIVE;
				CLANG_WARN_UNREACHABLE_CODE = YES;
				CLANG_WARN__DUPLICATE_METHOD_MATCH = YES;
				COPY_PHASE_STRIP = NO;
				DEBUG_INFORMATION_FORMAT = dwarf;
				ENABLE_STRICT_OBJC_MSGSEND = YES;
				ENABLE_TESTABILITY = YES;
				GCC_C_LANGUAGE_STANDARD = gnu11;
				GCC_DYNAMIC_NO_PIC = NO;
				GCC_NO_COMMON_BLOCKS = YES;
				GCC_OPTIMIZATION_LEVEL = 0;
				GCC_PREPROCESSOR_DEFINITIONS = (
					"DEBUG=1",
					"$(inherited)",
				);
				GCC_WARN_64_TO_32_BIT_CONVERSION = YES;
				GCC_WARN_ABOUT_RETURN_TYPE = YES_ERROR;
				GCC_WARN_UNDECLARED_SELECTOR = YES;
				GCC_WARN_UNINITIALIZED_AUTOS = YES_AGGRESSIVE;
				GCC_WARN_UNUSED_FUNCTION = YES;
				GCC_WARN_UNUSED_VARIABLE = YES;
				IPHONEOS_DEPLOYMENT_TARGET = 15.5;
				MTL_ENABLE_DEBUG_INFO = INCLUDE_SOURCE;
				MTL_FAST_MATH = YES;
				ONLY_ACTIVE_ARCH = YES;
				SDKROOT = iphoneos;
				SWIFT_ACTIVE_COMPILATION_CONDITIONS = DEBUG;
				SWIFT_OPTIMIZATION_LEVEL = "-Onone";
			};
			name = Debug;
		};
		F283FA61287C8C830049AB17 /* Release */ = {
			isa = XCBuildConfiguration;
			buildSettings = {
				ALWAYS_SEARCH_USER_PATHS = NO;
				CLANG_ANALYZER_NONNULL = YES;
				CLANG_ANALYZER_NUMBER_OBJECT_CONVERSION = YES_AGGRESSIVE;
				CLANG_CXX_LANGUAGE_STANDARD = "gnu++17";
				CLANG_ENABLE_MODULES = YES;
				CLANG_ENABLE_OBJC_ARC = YES;
				CLANG_ENABLE_OBJC_WEAK = YES;
				CLANG_WARN_BLOCK_CAPTURE_AUTORELEASING = YES;
				CLANG_WARN_BOOL_CONVERSION = YES;
				CLANG_WARN_COMMA = YES;
				CLANG_WARN_CONSTANT_CONVERSION = YES;
				CLANG_WARN_DEPRECATED_OBJC_IMPLEMENTATIONS = YES;
				CLANG_WARN_DIRECT_OBJC_ISA_USAGE = YES_ERROR;
				CLANG_WARN_DOCUMENTATION_COMMENTS = YES;
				CLANG_WARN_EMPTY_BODY = YES;
				CLANG_WARN_ENUM_CONVERSION = YES;
				CLANG_WARN_INFINITE_RECURSION = YES;
				CLANG_WARN_INT_CONVERSION = YES;
				CLANG_WARN_NON_LITERAL_NULL_CONVERSION = YES;
				CLANG_WARN_OBJC_IMPLICIT_RETAIN_SELF = YES;
				CLANG_WARN_OBJC_LITERAL_CONVERSION = YES;
				CLANG_WARN_OBJC_ROOT_CLASS = YES_ERROR;
				CLANG_WARN_QUOTED_INCLUDE_IN_FRAMEWORK_HEADER = YES;
				CLANG_WARN_RANGE_LOOP_ANALYSIS = YES;
				CLANG_WARN_STRICT_PROTOTYPES = YES;
				CLANG_WARN_SUSPICIOUS_MOVE = YES;
				CLANG_WARN_UNGUARDED_AVAILABILITY = YES_AGGRESSIVE;
				CLANG_WARN_UNREACHABLE_CODE = YES;
				CLANG_WARN__DUPLICATE_METHOD_MATCH = YES;
				COPY_PHASE_STRIP = NO;
				DEBUG_INFORMATION_FORMAT = "dwarf-with-dsym";
				ENABLE_NS_ASSERTIONS = NO;
				ENABLE_STRICT_OBJC_MSGSEND = YES;
				GCC_C_LANGUAGE_STANDARD = gnu11;
				GCC_NO_COMMON_BLOCKS = YES;
				GCC_WARN_64_TO_32_BIT_CONVERSION = YES;
				GCC_WARN_ABOUT_RETURN_TYPE = YES_ERROR;
				GCC_WARN_UNDECLARED_SELECTOR = YES;
				GCC_WARN_UNINITIALIZED_AUTOS = YES_AGGRESSIVE;
				GCC_WARN_UNUSED_FUNCTION = YES;
				GCC_WARN_UNUSED_VARIABLE = YES;
				IPHONEOS_DEPLOYMENT_TARGET = 15.5;
				MTL_ENABLE_DEBUG_INFO = NO;
				MTL_FAST_MATH = YES;
				SDKROOT = iphoneos;
				SWIFT_COMPILATION_MODE = wholemodule;
				SWIFT_OPTIMIZATION_LEVEL = "-O";
				VALIDATE_PRODUCT = YES;
			};
			name = Release;
		};
		F283FA63287C8C830049AB17 /* Debug */ = {
			isa = XCBuildConfiguration;
			buildSettings = {
				ASSETCATALOG_COMPILER_APPICON_NAME = AppIcon;
				ASSETCATALOG_COMPILER_GLOBAL_ACCENT_COLOR_NAME = AccentColor;
				CODE_SIGN_STYLE = Automatic;
				CURRENT_PROJECT_VERSION = 1;
				DEVELOPMENT_ASSET_PATHS = "\"vkSwiftUI/Resource/Preview Content\"";
				DEVELOPMENT_TEAM = 97UL48L835;
				ENABLE_PREVIEWS = YES;
				GENERATE_INFOPLIST_FILE = YES;
				INFOPLIST_KEY_UIApplicationSceneManifest_Generation = YES;
				INFOPLIST_KEY_UIApplicationSupportsIndirectInputEvents = YES;
				INFOPLIST_KEY_UILaunchScreen_Generation = YES;
				INFOPLIST_KEY_UISupportedInterfaceOrientations_iPad = "UIInterfaceOrientationPortrait UIInterfaceOrientationPortraitUpsideDown UIInterfaceOrientationLandscapeLeft UIInterfaceOrientationLandscapeRight";
				INFOPLIST_KEY_UISupportedInterfaceOrientations_iPhone = "UIInterfaceOrientationPortrait UIInterfaceOrientationLandscapeLeft UIInterfaceOrientationLandscapeRight";
				LD_RUNPATH_SEARCH_PATHS = (
					"$(inherited)",
					"@executable_path/Frameworks",
				);
				MARKETING_VERSION = 1.0;
				PRODUCT_BUNDLE_IDENTIFIER = gb.vkSwiftUI;
				PRODUCT_NAME = "$(TARGET_NAME)";
				SWIFT_EMIT_LOC_STRINGS = YES;
				SWIFT_VERSION = 5.0;
				TARGETED_DEVICE_FAMILY = "1,2";
			};
			name = Debug;
		};
		F283FA64287C8C830049AB17 /* Release */ = {
			isa = XCBuildConfiguration;
			buildSettings = {
				ASSETCATALOG_COMPILER_APPICON_NAME = AppIcon;
				ASSETCATALOG_COMPILER_GLOBAL_ACCENT_COLOR_NAME = AccentColor;
				CODE_SIGN_STYLE = Automatic;
				CURRENT_PROJECT_VERSION = 1;
				DEVELOPMENT_ASSET_PATHS = "\"vkSwiftUI/Resource/Preview Content\"";
				DEVELOPMENT_TEAM = 97UL48L835;
				ENABLE_PREVIEWS = YES;
				GENERATE_INFOPLIST_FILE = YES;
				INFOPLIST_KEY_UIApplicationSceneManifest_Generation = YES;
				INFOPLIST_KEY_UIApplicationSupportsIndirectInputEvents = YES;
				INFOPLIST_KEY_UILaunchScreen_Generation = YES;
				INFOPLIST_KEY_UISupportedInterfaceOrientations_iPad = "UIInterfaceOrientationPortrait UIInterfaceOrientationPortraitUpsideDown UIInterfaceOrientationLandscapeLeft UIInterfaceOrientationLandscapeRight";
				INFOPLIST_KEY_UISupportedInterfaceOrientations_iPhone = "UIInterfaceOrientationPortrait UIInterfaceOrientationLandscapeLeft UIInterfaceOrientationLandscapeRight";
				LD_RUNPATH_SEARCH_PATHS = (
					"$(inherited)",
					"@executable_path/Frameworks",
				);
				MARKETING_VERSION = 1.0;
				PRODUCT_BUNDLE_IDENTIFIER = gb.vkSwiftUI;
				PRODUCT_NAME = "$(TARGET_NAME)";
				SWIFT_EMIT_LOC_STRINGS = YES;
				SWIFT_VERSION = 5.0;
				TARGETED_DEVICE_FAMILY = "1,2";
			};
			name = Release;
		};
/* End XCBuildConfiguration section */

/* Begin XCConfigurationList section */
		F283FA4F287C8C820049AB17 /* Build configuration list for PBXProject "vkSwiftUI" */ = {
			isa = XCConfigurationList;
			buildConfigurations = (
				F283FA60287C8C830049AB17 /* Debug */,
				F283FA61287C8C830049AB17 /* Release */,
			);
			defaultConfigurationIsVisible = 0;
			defaultConfigurationName = Release;
		};
		F283FA62287C8C830049AB17 /* Build configuration list for PBXNativeTarget "vkSwiftUI" */ = {
			isa = XCConfigurationList;
			buildConfigurations = (
				F283FA63287C8C830049AB17 /* Debug */,
				F283FA64287C8C830049AB17 /* Release */,
			);
			defaultConfigurationIsVisible = 0;
			defaultConfigurationName = Release;
		};
/* End XCConfigurationList section */

/* Begin XCRemoteSwiftPackageReference section */
		F2660D70289FF3DE00EEEFAF /* XCRemoteSwiftPackageReference "keychain-swift" */ = {
			isa = XCRemoteSwiftPackageReference;
			repositoryURL = "https://github.com/evgenyneu/keychain-swift.git";
			requirement = {
				branch = master;
				kind = branch;
			};
		};
/* End XCRemoteSwiftPackageReference section */

/* Begin XCSwiftPackageProductDependency section */
		F2660D71289FF3DE00EEEFAF /* KeychainSwift */ = {
			isa = XCSwiftPackageProductDependency;
			package = F2660D70289FF3DE00EEEFAF /* XCRemoteSwiftPackageReference "keychain-swift" */;
			productName = KeychainSwift;
		};
/* End XCSwiftPackageProductDependency section */

/* Begin XCVersionGroup section */
		F2E85E2828A3D03200798835 /* database.xcdatamodeld */ = {
			isa = XCVersionGroup;
			children = (
				F2E85E2928A3D03200798835 /* database.xcdatamodel */,
			);
			currentVersion = F2E85E2928A3D03200798835 /* database.xcdatamodel */;
			path = database.xcdatamodeld;
			sourceTree = "<group>";
			versionGroupType = wrapper.xcdatamodel;
		};
/* End XCVersionGroup section */
	};
	rootObject = F283FA4C287C8C820049AB17 /* Project object */;
}
